<?xml version="1.0" encoding="utf-8"?>
<Project ToolsVersion="4.0" xmlns="http://schemas.microsoft.com/developer/msbuild/2003">
  <ItemGroup>
    <Filter Include="Source Files">
      <UniqueIdentifier>{4FC737F1-C7A5-4376-A066-2A32D752A2FF}</UniqueIdentifier>
      <Extensions>cpp;c;cc;cxx;c++;cppm;ixx;def;odl;idl;hpj;bat;asm;asmx</Extensions>
    </Filter>
    <Filter Include="Header Files">
      <UniqueIdentifier>{93995380-89BD-4b04-88EB-625FBE52EBFB}</UniqueIdentifier>
      <Extensions>h;hh;hpp;hxx;h++;hm;inl;inc;ipp;xsd</Extensions>
    </Filter>
    <Filter Include="Resource Files">
      <UniqueIdentifier>{67DA6AB6-F800-4c08-8B7A-83BB121AAD01}</UniqueIdentifier>
      <Extensions>rc;ico;cur;bmp;dlg;rc2;rct;bin;rgs;gif;jpg;jpeg;jpe;resx;tiff;tif;png;wav;mfcribbon-ms</Extensions>
    </Filter>
    <Filter Include="LoopEngine">
      <UniqueIdentifier>{dc87b48d-7978-47ce-980f-2734af1026f1}</UniqueIdentifier>
    </Filter>
  </ItemGroup>
  <ItemGroup>
    <ClCompile Include="main.cpp">
      <Filter>Source Files</Filter>
    </ClCompile>
    <ClCompile Include="..\LoopEngine\src\ServiceLocator.cpp">
      <Filter>LoopEngine</Filter>
    </ClCompile>
    <ClCompile Include="..\LoopEngine\src\Scene.cpp">
      <Filter>LoopEngine</Filter>
    </ClCompile>
    <ClCompile Include="..\LoopEngine\src\Projectile.cpp">
      <Filter>LoopEngine</Filter>
    </ClCompile>
    <ClCompile Include="..\LoopEngine\src\Logger.cpp">
      <Filter>LoopEngine</Filter>
    </ClCompile>
    <ClCompile Include="..\LoopEngine\src\Global.cpp">
      <Filter>LoopEngine</Filter>
    </ClCompile>
    <ClCompile Include="..\LoopEngine\src\GameObjectTile.cpp">
      <Filter>LoopEngine</Filter>
    </ClCompile>
    <ClCompile Include="..\LoopEngine\src\GameObjectSingleImage.cpp">
      <Filter>LoopEngine</Filter>
    </ClCompile>
    <ClCompile Include="..\LoopEngine\src\GameObject2D.cpp">
      <Filter>LoopEngine</Filter>
    </ClCompile>
    <ClCompile Include="..\LoopEngine\src\Engine.cpp">
      <Filter>LoopEngine</Filter>
    </ClCompile>
    <ClCompile Include="..\LoopEngine\src\CharacterController.cpp">
      <Filter>LoopEngine</Filter>
    </ClCompile>
    <ClCompile Include="..\LoopEngine\src\Button.cpp">
      <Filter>LoopEngine</Filter>
    </ClCompile>
  </ItemGroup>
  <ItemGroup>
    <ClInclude Include="..\LoopEngine\src\ServiceLocator.h">
      <Filter>LoopEngine</Filter>
    </ClInclude>
    <ClInclude Include="..\LoopEngine\src\Scene.h">
      <Filter>LoopEngine</Filter>
    </ClInclude>
    <ClInclude Include="..\LoopEngine\src\Projectile.h">
      <Filter>LoopEngine</Filter>
    </ClInclude>
    <ClInclude Include="..\LoopEngine\src\Logger.h">
      <Filter>LoopEngine</Filter>
    </ClInclude>
    <ClInclude Include="..\LoopEngine\src\Global.h">
      <Filter>LoopEngine</Filter>
    </ClInclude>
    <ClInclude Include="..\LoopEngine\src\GameObject.h">
      <Filter>LoopEngine</Filter>
    </ClInclude>
    <ClInclude Include="..\LoopEngine\src\Engine.h">
      <Filter>LoopEngine</Filter>
    </ClInclude>
    <ClInclude Include="..\LoopEngine\src\CharacterController.h">
      <Filter>LoopEngine</Filter>
    </ClInclude>
    <ClInclude Include="..\LoopEngine\src\Button.h">
      <Filter>LoopEngine</Filter>
    </ClInclude>
    <ClInclude Include="..\LoopEngine\src\BaseObject.h">
      <Filter>LoopEngine</Filter>
    </ClInclude>
  </ItemGroup>
</Project>